
Microsoft Visual Studio Solution File, Format Version 12.00
# Visual Studio Version 17
VisualStudioVersion = 17.1.32210.238
MinimumVisualStudioVersion = 10.0.40219.1
Project("{8BC9CEB8-8B4A-11D0-8D11-00A0C91BC942}") = "774", "774\774.vcxproj", "{B5CBEAE2-D207-432A-A03E-2DA78F0B5C34}"
EndProject
Global
	GlobalSection(SolutionConfigurationPlatforms) = preSolution
		Debug|x64 = Debug|x64
		Debug|x86 = Debug|x86
		Release|x64 = Release|x64
		Release|x86 = Release|x86
	EndGlobalSection
	GlobalSection(ProjectConfigurationPlatforms) = postSolution
		{B5CBEAE2-D207-432A-A03E-2DA78F0B5C34}.Debug|x64.ActiveCfg = Debug|x64
		{B5CBEAE2-D207-432A-A03E-2DA78F0B5C34}.Debug|x64.Build.0 = Debug|x64
		{B5CBEAE2-D207-432A-A03E-2DA78F0B5C34}.Debug|x86.ActiveCfg = Debug|Win32
		{B5CBEAE2-D207-432A-A03E-2DA78F0B5C34}.Debug|x86.Build.0 = Debug|Win32
		{B5CBEAE2-D207-432A-A03E-2DA78F0B5C34}.Release|x64.ActiveCfg = Release|x64
		{B5CBEAE2-D207-432A-A03E-2DA78F0B5C34}.Release|x64.Build.0 = Release|x64
		{B5CBEAE2-D207-432A-A03E-2DA78F0B5C34}.Release|x86.ActiveCfg = Release|Win32
		{B5CBEAE2-D207-432A-A03E-2DA78F0B5C34}.Release|x86.Build.0 = Release|Win32
	EndGlobalSection
	GlobalSection(SolutionProperties) = preSolution
		HideSolutionNode = FALSE
	EndGlobalSection
	GlobalSection(ExtensibilityGlobals) = postSolution
		SolutionGuid = {30653962-1135-4941-BEDA-AEB7092BCCA5}
	EndGlobalSection
EndGlobal
